
Microsoft Visual Studio Solution File, Format Version 12.00
# Visual Studio 2012
Project("{8BC9CEB8-8B4A-11D0-8D11-00A0C91BC942}") = "20181002_first", "20181002__\20181002__.vcxproj", "{7A5DDB1A-5B30-45D1-84AB-BFEC956AA864}"
EndProject
Project("{8BC9CEB8-8B4A-11D0-8D11-00A0C91BC942}") = "20181002_second", "20181002_second\20181002_second.vcxproj", "{449832F9-4FF7-45E3-B2FB-D3AA8DCFD9C0}"
EndProject
Project("{8BC9CEB8-8B4A-11D0-8D11-00A0C91BC942}") = "20181016_first", "20181016_first\20181016_first.vcxproj", "{AFA554DB-599C-4B72-B019-1B01828A6A10}"
EndProject
Project("{8BC9CEB8-8B4A-11D0-8D11-00A0C91BC942}") = "20181023_function", "20181023_function\20181023_function.vcxproj", "{3269B4F4-447F-4138-B7D5-1CD0E78D6393}"
EndProject
Project("{8BC9CEB8-8B4A-11D0-8D11-00A0C91BC942}") = "20181106_pointer", "20181106_pointer\20181106_pointer.vcxproj", "{DA3FC0FA-79AC-481D-8312-94CDFBD79449}"
EndProject
Project("{8BC9CEB8-8B4A-11D0-8D11-00A0C91BC942}") = "20181106_callByPointer", "20181106_\20181106_.vcxproj", "{51B3F916-0E9B-42D6-A1A3-C7424158E3EC}"
EndProject
Project("{8BC9CEB8-8B4A-11D0-8D11-00A0C91BC942}") = "20181106_swap", "20181106_swap\20181106_swap.vcxproj", "{FCA912E8-0DA2-4259-B3F6-02B9CF372946}"
EndProject
Project("{8BC9CEB8-8B4A-11D0-8D11-00A0C91BC942}") = "20181106_pointerthree", "20181106_pointerthree\20181106_pointerthree.vcxproj", "{4BF2CFD8-8F92-40C9-A67A-BDE1B817F5F9}"
EndProject
Project("{8BC9CEB8-8B4A-11D0-8D11-00A0C91BC942}") = "20181113_first", "20181113_first\20181113_first.vcxproj", "{42E7E1F8-0F25-4DDA-A7E2-69F853E7C777}"
EndProject
Project("{8BC9CEB8-8B4A-11D0-8D11-00A0C91BC942}") = "20181127_structure", "20181127_structure\20181127_structure.vcxproj", "{653E3E9D-6CCD-4589-AFA0-E1DC6A85B6EE}"
EndProject
Project("{8BC9CEB8-8B4A-11D0-8D11-00A0C91BC942}") = "20181204_", "20181204_\20181204_.vcxproj", "{F6BA8948-C13A-4F7E-98C1-1E9A057BA6B4}"
EndProject
Project("{8BC9CEB8-8B4A-11D0-8D11-00A0C91BC942}") = "20181204_second", "20181204_second\20181204_second.vcxproj", "{D310EC31-C47C-41B1-B5F4-0748C3E9EE79}"
EndProject
Global
	GlobalSection(SolutionConfigurationPlatforms) = preSolution
		Debug|Win32 = Debug|Win32
		Release|Win32 = Release|Win32
	EndGlobalSection
	GlobalSection(ProjectConfigurationPlatforms) = postSolution
		{7A5DDB1A-5B30-45D1-84AB-BFEC956AA864}.Debug|Win32.ActiveCfg = Debug|Win32
		{7A5DDB1A-5B30-45D1-84AB-BFEC956AA864}.Debug|Win32.Build.0 = Debug|Win32
		{7A5DDB1A-5B30-45D1-84AB-BFEC956AA864}.Release|Win32.ActiveCfg = Release|Win32
		{7A5DDB1A-5B30-45D1-84AB-BFEC956AA864}.Release|Win32.Build.0 = Release|Win32
		{449832F9-4FF7-45E3-B2FB-D3AA8DCFD9C0}.Debug|Win32.ActiveCfg = Debug|Win32
		{449832F9-4FF7-45E3-B2FB-D3AA8DCFD9C0}.Debug|Win32.Build.0 = Debug|Win32
		{449832F9-4FF7-45E3-B2FB-D3AA8DCFD9C0}.Release|Win32.ActiveCfg = Release|Win32
		{449832F9-4FF7-45E3-B2FB-D3AA8DCFD9C0}.Release|Win32.Build.0 = Release|Win32
		{AFA554DB-599C-4B72-B019-1B01828A6A10}.Debug|Win32.ActiveCfg = Debug|Win32
		{AFA554DB-599C-4B72-B019-1B01828A6A10}.Debug|Win32.Build.0 = Debug|Win32
		{AFA554DB-599C-4B72-B019-1B01828A6A10}.Release|Win32.ActiveCfg = Release|Win32
		{AFA554DB-599C-4B72-B019-1B01828A6A10}.Release|Win32.Build.0 = Release|Win32
		{3269B4F4-447F-4138-B7D5-1CD0E78D6393}.Debug|Win32.ActiveCfg = Debug|Win32
		{3269B4F4-447F-4138-B7D5-1CD0E78D6393}.Debug|Win32.Build.0 = Debug|Win32
		{3269B4F4-447F-4138-B7D5-1CD0E78D6393}.Release|Win32.ActiveCfg = Release|Win32
		{3269B4F4-447F-4138-B7D5-1CD0E78D6393}.Release|Win32.Build.0 = Release|Win32
		{DA3FC0FA-79AC-481D-8312-94CDFBD79449}.Debug|Win32.ActiveCfg = Debug|Win32
		{DA3FC0FA-79AC-481D-8312-94CDFBD79449}.Debug|Win32.Build.0 = Debug|Win32
		{DA3FC0FA-79AC-481D-8312-94CDFBD79449}.Release|Win32.ActiveCfg = Release|Win32
		{DA3FC0FA-79AC-481D-8312-94CDFBD79449}.Release|Win32.Build.0 = Release|Win32
		{51B3F916-0E9B-42D6-A1A3-C7424158E3EC}.Debug|Win32.ActiveCfg = Debug|Win32
		{51B3F916-0E9B-42D6-A1A3-C7424158E3EC}.Debug|Win32.Build.0 = Debug|Win32
		{51B3F916-0E9B-42D6-A1A3-C7424158E3EC}.Release|Win32.ActiveCfg = Release|Win32
		{51B3F916-0E9B-42D6-A1A3-C7424158E3EC}.Release|Win32.Build.0 = Release|Win32
		{FCA912E8-0DA2-4259-B3F6-02B9CF372946}.Debug|Win32.ActiveCfg = Debug|Win32
		{FCA912E8-0DA2-4259-B3F6-02B9CF372946}.Debug|Win32.Build.0 = Debug|Win32
		{FCA912E8-0DA2-4259-B3F6-02B9CF372946}.Release|Win32.ActiveCfg = Release|Win32
		{FCA912E8-0DA2-4259-B3F6-02B9CF372946}.Release|Win32.Build.0 = Release|Win32
		{4BF2CFD8-8F92-40C9-A67A-BDE1B817F5F9}.Debug|Win32.ActiveCfg = Debug|Win32
		{4BF2CFD8-8F92-40C9-A67A-BDE1B817F5F9}.Debug|Win32.Build.0 = Debug|Win32
		{4BF2CFD8-8F92-40C9-A67A-BDE1B817F5F9}.Release|Win32.ActiveCfg = Release|Win32
		{4BF2CFD8-8F92-40C9-A67A-BDE1B817F5F9}.Release|Win32.Build.0 = Release|Win32
		{42E7E1F8-0F25-4DDA-A7E2-69F853E7C777}.Debug|Win32.ActiveCfg = Debug|Win32
		{42E7E1F8-0F25-4DDA-A7E2-69F853E7C777}.Debug|Win32.Build.0 = Debug|Win32
		{42E7E1F8-0F25-4DDA-A7E2-69F853E7C777}.Release|Win32.ActiveCfg = Release|Win32
		{42E7E1F8-0F25-4DDA-A7E2-69F853E7C777}.Release|Win32.Build.0 = Release|Win32
		{653E3E9D-6CCD-4589-AFA0-E1DC6A85B6EE}.Debug|Win32.ActiveCfg = Debug|Win32
		{653E3E9D-6CCD-4589-AFA0-E1DC6A85B6EE}.Debug|Win32.Build.0 = Debug|Win32
		{653E3E9D-6CCD-4589-AFA0-E1DC6A85B6EE}.Release|Win32.ActiveCfg = Release|Win32
		{653E3E9D-6CCD-4589-AFA0-E1DC6A85B6EE}.Release|Win32.Build.0 = Release|Win32
		{F6BA8948-C13A-4F7E-98C1-1E9A057BA6B4}.Debug|Win32.ActiveCfg = Debug|Win32
		{F6BA8948-C13A-4F7E-98C1-1E9A057BA6B4}.Debug|Win32.Build.0 = Debug|Win32
		{F6BA8948-C13A-4F7E-98C1-1E9A057BA6B4}.Release|Win32.ActiveCfg = Release|Win32
		{F6BA8948-C13A-4F7E-98C1-1E9A057BA6B4}.Release|Win32.Build.0 = Release|Win32
		{D310EC31-C47C-41B1-B5F4-0748C3E9EE79}.Debug|Win32.ActiveCfg = Debug|Win32
		{D310EC31-C47C-41B1-B5F4-0748C3E9EE79}.Debug|Win32.Build.0 = Debug|Win32
		{D310EC31-C47C-41B1-B5F4-0748C3E9EE79}.Release|Win32.ActiveCfg = Release|Win32
		{D310EC31-C47C-41B1-B5F4-0748C3E9EE79}.Release|Win32.Build.0 = Release|Win32
	EndGlobalSection
	GlobalSection(SolutionProperties) = preSolution
		HideSolutionNode = FALSE
	EndGlobalSection
	GlobalSection(Performance) = preSolution
		HasPerformanceSessions = true
	EndGlobalSection
EndGlobal
