
Microsoft Visual Studio Solution File, Format Version 12.00
# Visual Studio 2012
Project("{8BC9CEB8-8B4A-11D0-8D11-00A0C91BC942}") = "20181002_first", "20181002__\20181002__.vcxproj", "{7A5DDB1A-5B30-45D1-84AB-BFEC956AA864}"
EndProject
Project("{8BC9CEB8-8B4A-11D0-8D11-00A0C91BC942}") = "20181002_second", "20181002_second\20181002_second.vcxproj", "{449832F9-4FF7-45E3-B2FB-D3AA8DCFD9C0}"
EndProject
Project("{8BC9CEB8-8B4A-11D0-8D11-00A0C91BC942}") = "20181016_first", "20181016_first\20181016_first.vcxproj", "{AFA554DB-599C-4B72-B019-1B01828A6A10}"
EndProject
Global
	GlobalSection(SolutionConfigurationPlatforms) = preSolution
		Debug|Win32 = Debug|Win32
		Release|Win32 = Release|Win32
	EndGlobalSection
	GlobalSection(ProjectConfigurationPlatforms) = postSolution
		{7A5DDB1A-5B30-45D1-84AB-BFEC956AA864}.Debug|Win32.ActiveCfg = Debug|Win32
		{7A5DDB1A-5B30-45D1-84AB-BFEC956AA864}.Debug|Win32.Build.0 = Debug|Win32
		{7A5DDB1A-5B30-45D1-84AB-BFEC956AA864}.Release|Win32.ActiveCfg = Release|Win32
		{7A5DDB1A-5B30-45D1-84AB-BFEC956AA864}.Release|Win32.Build.0 = Release|Win32
		{449832F9-4FF7-45E3-B2FB-D3AA8DCFD9C0}.Debug|Win32.ActiveCfg = Debug|Win32
		{449832F9-4FF7-45E3-B2FB-D3AA8DCFD9C0}.Debug|Win32.Build.0 = Debug|Win32
		{449832F9-4FF7-45E3-B2FB-D3AA8DCFD9C0}.Release|Win32.ActiveCfg = Release|Win32
		{449832F9-4FF7-45E3-B2FB-D3AA8DCFD9C0}.Release|Win32.Build.0 = Release|Win32
		{AFA554DB-599C-4B72-B019-1B01828A6A10}.Debug|Win32.ActiveCfg = Debug|Win32
		{AFA554DB-599C-4B72-B019-1B01828A6A10}.Debug|Win32.Build.0 = Debug|Win32
		{AFA554DB-599C-4B72-B019-1B01828A6A10}.Release|Win32.ActiveCfg = Release|Win32
		{AFA554DB-599C-4B72-B019-1B01828A6A10}.Release|Win32.Build.0 = Release|Win32
	EndGlobalSection
	GlobalSection(SolutionProperties) = preSolution
		HideSolutionNode = FALSE
	EndGlobalSection
EndGlobal
